
Microsoft Visual Studio Solution File, Format Version 12.00
# Visual Studio Version 16
VisualStudioVersion = 16.0.29201.188
MinimumVisualStudioVersion = 10.0.40219.1
Project("{FAE04EC0-301F-11D3-BF4B-00C04F79EFBC}") = "PerceptronSim", "PerceptronSim.csproj", "{F264A523-F0C5-48D9-A7D1-E874451CD6E4}"
EndProject
Global
	GlobalSection(SolutionConfigurationPlatforms) = preSolution
		Debug|Any CPU = Debug|Any CPU
		Release|Any CPU = Release|Any CPU
	EndGlobalSection
	GlobalSection(ProjectConfigurationPlatforms) = postSolution
		{F264A523-F0C5-48D9-A7D1-E874451CD6E4}.Debug|Any CPU.ActiveCfg = Debug|Any CPU
		{F264A523-F0C5-48D9-A7D1-E874451CD6E4}.Debug|Any CPU.Build.0 = Debug|Any CPU
		{F264A523-F0C5-48D9-A7D1-E874451CD6E4}.Release|Any CPU.ActiveCfg = Release|Any CPU
		{F264A523-F0C5-48D9-A7D1-E874451CD6E4}.Release|Any CPU.Build.0 = Release|Any CPU
	EndGlobalSection
	GlobalSection(SolutionProperties) = preSolution
		HideSolutionNode = FALSE
	EndGlobalSection
	GlobalSection(ExtensibilityGlobals) = postSolution
		SolutionGuid = {CDF1C4E8-0753-407A-B44C-5A9E5DD64CE2}
	EndGlobalSection
EndGlobal
